
Microsoft Visual Studio Solution File, Format Version 12.00
# Visual Studio Version 17
VisualStudioVersion = 17.6.33829.357
MinimumVisualStudioVersion = 10.0.40219.1
Project("{9A19103F-16F7-4668-BE54-9A1E7A4F7556}") = "NoteApp", "NoteApp\NoteApp.csproj", "{D56A5FF7-BC61-4AC0-88D5-F1CB2D61C3C9}"
EndProject
Project("{9A19103F-16F7-4668-BE54-9A1E7A4F7556}") = "NoteApp.Shared", "NoteApp.Shared\NoteApp.Shared.csproj", "{47F4EB8F-E649-4E32-AA66-8C35E6DDE384}"
EndProject
Project("{9A19103F-16F7-4668-BE54-9A1E7A4F7556}") = "NoteApp.Access", "NoteApp.Access\NoteApp.Access.csproj", "{5CCC5F19-E44C-4EAB-B93D-956E717166DB}"
EndProject
Global
	GlobalSection(SolutionConfigurationPlatforms) = preSolution
		Debug|Any CPU = Debug|Any CPU
		Release|Any CPU = Release|Any CPU
	EndGlobalSection
	GlobalSection(ProjectConfigurationPlatforms) = postSolution
		{D56A5FF7-BC61-4AC0-88D5-F1CB2D61C3C9}.Debug|Any CPU.ActiveCfg = Debug|Any CPU
		{D56A5FF7-BC61-4AC0-88D5-F1CB2D61C3C9}.Debug|Any CPU.Build.0 = Debug|Any CPU
		{D56A5FF7-BC61-4AC0-88D5-F1CB2D61C3C9}.Release|Any CPU.ActiveCfg = Release|Any CPU
		{D56A5FF7-BC61-4AC0-88D5-F1CB2D61C3C9}.Release|Any CPU.Build.0 = Release|Any CPU
		{47F4EB8F-E649-4E32-AA66-8C35E6DDE384}.Debug|Any CPU.ActiveCfg = Debug|Any CPU
		{47F4EB8F-E649-4E32-AA66-8C35E6DDE384}.Debug|Any CPU.Build.0 = Debug|Any CPU
		{47F4EB8F-E649-4E32-AA66-8C35E6DDE384}.Release|Any CPU.ActiveCfg = Release|Any CPU
		{47F4EB8F-E649-4E32-AA66-8C35E6DDE384}.Release|Any CPU.Build.0 = Release|Any CPU
		{5CCC5F19-E44C-4EAB-B93D-956E717166DB}.Debug|Any CPU.ActiveCfg = Debug|Any CPU
		{5CCC5F19-E44C-4EAB-B93D-956E717166DB}.Debug|Any CPU.Build.0 = Debug|Any CPU
		{5CCC5F19-E44C-4EAB-B93D-956E717166DB}.Release|Any CPU.ActiveCfg = Release|Any CPU
		{5CCC5F19-E44C-4EAB-B93D-956E717166DB}.Release|Any CPU.Build.0 = Release|Any CPU
	EndGlobalSection
	GlobalSection(SolutionProperties) = preSolution
		HideSolutionNode = FALSE
	EndGlobalSection
	GlobalSection(ExtensibilityGlobals) = postSolution
		SolutionGuid = {ADED5927-07AF-49B6-A3AA-F91285A8B9C1}
	EndGlobalSection
EndGlobal
